<Solution><Folder Name="/sdk/"><Project Path="sdk/Kikicast.ExtensionSdk/Kikicast.ExtensionSdk.csproj"/></Folder><Folder Name="/plugins/personalization/"><Project Path="plugins/personalization/RandomWallpaper/RandomWallpaper.csproj"/></Folder><Folder Name="/tests/"><Project Path="tests/RandomWallpaper.Tests/RandomWallpaper.Tests.csproj"/></Folder></Solution>
